
Microsoft Visual Studio Solution File, Format Version 12.00
# Visual Studio 15
VisualStudioVersion = 15.0.27004.2005
MinimumVisualStudioVersion = 10.0.40219.1
Project("{FAE04EC0-301F-11D3-BF4B-00C04F79EFBC}") = "SLHBot", "SLHBot\SLHBot.csproj", "{79EAE683-8406-4441-861F-15A72D3A59EA}"
EndProject
Global
	GlobalSection(SolutionConfigurationPlatforms) = preSolution
		Debug|Any CPU = Debug|Any CPU
		Release|Any CPU = Release|Any CPU
	EndGlobalSection
	GlobalSection(ProjectConfigurationPlatforms) = postSolution
		{79EAE683-8406-4441-861F-15A72D3A59EA}.Debug|Any CPU.ActiveCfg = Debug|Any CPU
		{79EAE683-8406-4441-861F-15A72D3A59EA}.Debug|Any CPU.Build.0 = Debug|Any CPU
		{79EAE683-8406-4441-861F-15A72D3A59EA}.Release|Any CPU.ActiveCfg = Release|Any CPU
		{79EAE683-8406-4441-861F-15A72D3A59EA}.Release|Any CPU.Build.0 = Release|Any CPU
	EndGlobalSection
	GlobalSection(SolutionProperties) = preSolution
		HideSolutionNode = FALSE
	EndGlobalSection
	GlobalSection(ExtensibilityGlobals) = postSolution
		SolutionGuid = {4B896019-49A4-46B3-9DC6-F3AAA0B4FC9F}
	EndGlobalSection
EndGlobal
